{
  "version": 4,
  "terraform_version": "1.6.6",
  "serial": 2,
  "lineage": "18f4454c-0f29-eba4-27e6-e4a2b4cddde5",
  "outputs": {
    "redis_connection_string": {
      "value": "redis-cachezid.redis.cache.windows.net:6380,password=Ct4Vo8DbU3C0V1g9c2rm3kYGzHbG0MMiIAzCaM0bYjk=,ssl=true,abortConnect=False",
      "type": "string",
      "sensitive": true
    },
    "sql_connection_string": {
      "value": "Server=tcp:sql-serverzid.database.windows.net,1433;Initial Catalog=mssql-dbzid;Persist Security Info=False;User ID=Bojan;Password=PreteshkoePomosh1@!;MultipleActiveResultSets=True;Encrypt=True",
      "type": "string",
      "sensitive": true
    }
  },
  "resources": [
    {
      "mode": "managed",
      "type": "azurerm_mssql_database",
      "name": "mssql_database",
      "provider": "provider[\"registry.terraform.io/hashicorp/azurerm\"]",
      "instances": [
        {
          "schema_version": 1,
          "attributes": {
            "auto_pause_delay_in_minutes": 0,
            "collation": "SQL_Latin1_General_CP1_CI_AS",
            "create_mode": "Default",
            "creation_source_database_id": null,
            "elastic_pool_id": "",
            "enclave_type": "",
            "geo_backup_enabled": true,
            "id": "/subscriptions/4f13db90-7175-430a-92c4-956419feab2e/resourceGroups/TeraMaraton/providers/Microsoft.Sql/servers/sql-serverzid/databases/mssql-dbzid",
            "identity": [],
            "import": [],
            "ledger_enabled": false,
            "license_type": "LicenseIncluded",
            "long_term_retention_policy": [
              {
                "immutable_backups_enabled": false,
                "monthly_retention": "PT0S",
                "week_of_year": 1,
                "weekly_retention": "PT0S",
                "yearly_retention": "PT0S"
              }
            ],
            "maintenance_configuration_name": "SQL_Default",
            "max_size_gb": 32,
            "min_capacity": 0,
            "name": "mssql-dbzid",
            "read_replica_count": 0,
            "read_scale": false,
            "recover_database_id": null,
            "restore_dropped_database_id": null,
            "restore_point_in_time": null,
            "sample_name": null,
            "server_id": "/subscriptions/4f13db90-7175-430a-92c4-956419feab2e/resourceGroups/TeraMaraton/providers/Microsoft.Sql/servers/sql-serverzid",
            "short_term_retention_policy": [
              {
                "backup_interval_in_hours": 12,
                "retention_days": 7
              }
            ],
            "sku_name": "GP_Gen5_2",
            "storage_account_type": "Geo",
            "tags": {},
            "threat_detection_policy": [
              {
                "disabled_alerts": [],
                "email_account_admins": "Disabled",
                "email_addresses": [],
                "retention_days": 0,
                "state": "Disabled",
                "storage_account_access_key": "",
                "storage_endpoint": ""
              }
            ],
            "timeouts": null,
            "transparent_data_encryption_enabled": true,
            "transparent_data_encryption_key_automatic_rotation_enabled": false,
            "transparent_data_encryption_key_vault_key_id": "",
            "zone_redundant": false
          },
          "sensitive_attributes": [],
          "private": "eyJlMmJmYjczMC1lY2FhLTExZTYtOGY4OC0zNDM2M2JjN2M0YzAiOnsiY3JlYXRlIjozNjAwMDAwMDAwMDAwLCJkZWxldGUiOjM2MDAwMDAwMDAwMDAsInJlYWQiOjMwMDAwMDAwMDAwMCwidXBkYXRlIjozNjAwMDAwMDAwMDAwfSwic2NoZW1hX3ZlcnNpb24iOiIxIn0=",
          "dependencies": [
            "azurerm_mssql_server.mssql_server",
            "azurerm_resource_group.marathon"
          ]
        }
      ]
    },
    {
      "mode": "managed",
      "type": "azurerm_mssql_server",
      "name": "mssql_server",
      "provider": "provider[\"registry.terraform.io/hashicorp/azurerm\"]",
      "instances": [
        {
          "schema_version": 0,
          "attributes": {
            "administrator_login": "Bojan",
            "administrator_login_password": "PreteshkoePomosh1@!",
            "azuread_administrator": [],
            "connection_policy": "Default",
            "fully_qualified_domain_name": "sql-serverzid.database.windows.net",
            "id": "/subscriptions/4f13db90-7175-430a-92c4-956419feab2e/resourceGroups/TeraMaraton/providers/Microsoft.Sql/servers/sql-serverzid",
            "identity": [],
            "location": "eastus",
            "minimum_tls_version": "1.2",
            "name": "sql-serverzid",
            "outbound_network_restriction_enabled": false,
            "primary_user_assigned_identity_id": "",
            "public_network_access_enabled": true,
            "resource_group_name": "TeraMaraton",
            "restorable_dropped_database_ids": [],
            "tags": {
              "environment": "production"
            },
            "timeouts": null,
            "transparent_data_encryption_key_vault_key_id": "",
            "version": "12.0"
          },
          "sensitive_attributes": [],
          "private": "eyJlMmJmYjczMC1lY2FhLTExZTYtOGY4OC0zNDM2M2JjN2M0YzAiOnsiY3JlYXRlIjozNjAwMDAwMDAwMDAwLCJkZWxldGUiOjM2MDAwMDAwMDAwMDAsInJlYWQiOjMwMDAwMDAwMDAwMCwidXBkYXRlIjozNjAwMDAwMDAwMDAwfX0=",
          "dependencies": [
            "azurerm_resource_group.marathon"
          ]
        }
      ]
    },
    {
      "mode": "managed",
      "type": "azurerm_redis_cache",
      "name": "redis",
      "provider": "provider[\"registry.terraform.io/hashicorp/azurerm\"]",
      "instances": [
        {
          "schema_version": 1,
          "attributes": {
            "capacity": 2,
            "enable_non_ssl_port": false,
            "family": "C",
            "hostname": "redis-cachezid.redis.cache.windows.net",
            "id": "/subscriptions/4f13db90-7175-430a-92c4-956419feab2e/resourceGroups/TeraMaraton/providers/Microsoft.Cache/redis/redis-cachezid",
            "identity": [],
            "location": "eastus",
            "minimum_tls_version": "1.2",
            "name": "redis-cachezid",
            "patch_schedule": [],
            "port": 6379,
            "primary_access_key": "Ct4Vo8DbU3C0V1g9c2rm3kYGzHbG0MMiIAzCaM0bYjk=",
            "primary_connection_string": "redis-cachezid.redis.cache.windows.net:6380,password=Ct4Vo8DbU3C0V1g9c2rm3kYGzHbG0MMiIAzCaM0bYjk=,ssl=true,abortConnect=False",
            "private_static_ip_address": "",
            "public_network_access_enabled": true,
            "redis_configuration": [
              {
                "active_directory_authentication_enabled": false,
                "aof_backup_enabled": false,
                "aof_storage_connection_string_0": "",
                "aof_storage_connection_string_1": "",
                "enable_authentication": true,
                "maxclients": 2000,
                "maxfragmentationmemory_reserved": 299,
                "maxmemory_delta": 299,
                "maxmemory_policy": "volatile-lru",
                "maxmemory_reserved": 299,
                "notify_keyspace_events": "",
                "rdb_backup_enabled": false,
                "rdb_backup_frequency": 0,
                "rdb_backup_max_snapshot_count": 0,
                "rdb_storage_connection_string": "",
                "storage_account_subscription_id": ""
              }
            ],
            "redis_version": "6.0",
            "replicas_per_master": 0,
            "replicas_per_primary": 0,
            "resource_group_name": "TeraMaraton",
            "secondary_access_key": "JjTJncUjmyuqhXOLXr7Bahv63MuXdoBWbAzCaPvPdJ0=",
            "secondary_connection_string": "redis-cachezid.redis.cache.windows.net:6380,password=JjTJncUjmyuqhXOLXr7Bahv63MuXdoBWbAzCaPvPdJ0=,ssl=true,abortConnect=False",
            "shard_count": 0,
            "sku_name": "Basic",
            "ssl_port": 6380,
            "subnet_id": "",
            "tags": {},
            "tenant_settings": {},
            "timeouts": null,
            "zones": []
          },
          "sensitive_attributes": [],
          "private": "eyJlMmJmYjczMC1lY2FhLTExZTYtOGY4OC0zNDM2M2JjN2M0YzAiOnsiY3JlYXRlIjo1NDAwMDAwMDAwMDAwLCJkZWxldGUiOjU0MDAwMDAwMDAwMDAsInJlYWQiOjMwMDAwMDAwMDAwMCwidXBkYXRlIjo1NDAwMDAwMDAwMDAwfSwic2NoZW1hX3ZlcnNpb24iOiIxIn0=",
          "dependencies": [
            "azurerm_resource_group.marathon"
          ]
        }
      ]
    },
    {
      "mode": "managed",
      "type": "azurerm_redis_firewall_rule",
      "name": "redis_firewall",
      "provider": "provider[\"registry.terraform.io/hashicorp/azurerm\"]",
      "instances": [
        {
          "schema_version": 1,
          "attributes": {
            "end_ip": "255.255.255.255",
            "id": "/subscriptions/4f13db90-7175-430a-92c4-956419feab2e/resourceGroups/TeraMaraton/providers/Microsoft.Cache/redis/redis-cachezid/firewallRules/redisFirewallzid",
            "name": "redisFirewallzid",
            "redis_cache_name": "redis-cachezid",
            "resource_group_name": "TeraMaraton",
            "start_ip": "0.0.0.0",
            "timeouts": null
          },
          "sensitive_attributes": [],
          "private": "eyJlMmJmYjczMC1lY2FhLTExZTYtOGY4OC0zNDM2M2JjN2M0YzAiOnsiY3JlYXRlIjoxODAwMDAwMDAwMDAwLCJkZWxldGUiOjE4MDAwMDAwMDAwMDAsInJlYWQiOjMwMDAwMDAwMDAwMCwidXBkYXRlIjoxODAwMDAwMDAwMDAwfSwic2NoZW1hX3ZlcnNpb24iOiIxIn0=",
          "dependencies": [
            "azurerm_redis_cache.redis",
            "azurerm_resource_group.marathon"
          ]
        }
      ]
    },
    {
      "mode": "managed",
      "type": "azurerm_resource_group",
      "name": "marathon",
      "provider": "provider[\"registry.terraform.io/hashicorp/azurerm\"]",
      "instances": [
        {
          "schema_version": 0,
          "attributes": {
            "id": "/subscriptions/4f13db90-7175-430a-92c4-956419feab2e/resourceGroups/TeraMaraton",
            "location": "eastus",
            "managed_by": "",
            "name": "TeraMaraton",
            "tags": {},
            "timeouts": null
          },
          "sensitive_attributes": [],
          "private": "eyJlMmJmYjczMC1lY2FhLTExZTYtOGY4OC0zNDM2M2JjN2M0YzAiOnsiY3JlYXRlIjo1NDAwMDAwMDAwMDAwLCJkZWxldGUiOjU0MDAwMDAwMDAwMDAsInJlYWQiOjMwMDAwMDAwMDAwMCwidXBkYXRlIjo1NDAwMDAwMDAwMDAwfX0="
        }
      ]
    },
    {
      "mode": "managed",
      "type": "azurerm_service_plan",
      "name": "marathon_service_plan",
      "provider": "provider[\"registry.terraform.io/hashicorp/azurerm\"]",
      "instances": [
        {
          "schema_version": 1,
          "attributes": {
            "app_service_environment_id": "",
            "id": "/subscriptions/4f13db90-7175-430a-92c4-956419feab2e/resourceGroups/TeraMaraton/providers/Microsoft.Web/serverFarms/zidar_service_plan",
            "kind": "app",
            "location": "eastus",
            "maximum_elastic_worker_count": 1,
            "name": "zidar_service_plan",
            "os_type": "Windows",
            "per_site_scaling_enabled": false,
            "reserved": false,
            "resource_group_name": "TeraMaraton",
            "sku_name": "P1v2",
            "tags": {},
            "timeouts": null,
            "worker_count": 1,
            "zone_balancing_enabled": false
          },
          "sensitive_attributes": [],
          "private": "eyJlMmJmYjczMC1lY2FhLTExZTYtOGY4OC0zNDM2M2JjN2M0YzAiOnsiY3JlYXRlIjozNjAwMDAwMDAwMDAwLCJkZWxldGUiOjM2MDAwMDAwMDAwMDAsInJlYWQiOjMwMDAwMDAwMDAwMCwidXBkYXRlIjozNjAwMDAwMDAwMDAwfSwic2NoZW1hX3ZlcnNpb24iOiIxIn0=",
          "dependencies": [
            "azurerm_resource_group.marathon"
          ]
        }
      ]
    },
    {
      "mode": "managed",
      "type": "azurerm_windows_web_app",
      "name": "marathon_api",
      "provider": "provider[\"registry.terraform.io/hashicorp/azurerm\"]",
      "instances": [
        {
          "schema_version": 1,
          "attributes": {
            "app_settings": {},
            "auth_settings": [],
            "auth_settings_v2": [],
            "backup": [],
            "client_affinity_enabled": false,
            "client_certificate_enabled": false,
            "client_certificate_exclusion_paths": "",
            "client_certificate_mode": "Required",
            "connection_string": [],
            "custom_domain_verification_id": "2CFAD82C1643EAC0DDF75FEA3E7661EB2D2A80F527187A0FC4B888D760AEE4FA",
            "default_hostname": "marathon-apizid.azurewebsites.net",
            "enabled": true,
            "ftp_publish_basic_authentication_enabled": true,
            "hosting_environment_id": "",
            "https_only": false,
            "id": "/subscriptions/4f13db90-7175-430a-92c4-956419feab2e/resourceGroups/TeraMaraton/providers/Microsoft.Web/sites/marathon-apizid",
            "identity": [],
            "key_vault_reference_identity_id": "SystemAssigned",
            "kind": "app",
            "location": "eastus",
            "logs": [],
            "name": "marathon-apizid",
            "outbound_ip_address_list": [
              "20.242.157.239",
              "20.242.157.250",
              "20.242.158.2",
              "20.242.158.38",
              "20.242.158.89",
              "20.242.158.93",
              "20.119.0.36"
            ],
            "outbound_ip_addresses": "20.242.157.239,20.242.157.250,20.242.158.2,20.242.158.38,20.242.158.89,20.242.158.93,20.119.0.36",
            "possible_outbound_ip_address_list": [
              "20.85.187.158",
              "20.242.157.55",
              "20.242.157.67",
              "20.242.157.71",
              "20.242.157.83",
              "20.242.157.231",
              "20.81.5.114",
              "20.81.7.214",
              "20.81.7.218",
              "20.88.168.138",
              "20.88.168.214",
              "20.88.168.242",
              "20.242.157.239",
              "20.242.157.250",
              "20.242.158.2",
              "20.242.158.38",
              "20.242.158.89",
              "20.242.158.93",
              "20.242.158.147",
              "20.85.187.164",
              "20.231.243.112",
              "20.231.243.145",
              "20.231.243.187",
              "20.231.243.205",
              "20.231.245.178",
              "20.231.245.228",
              "20.231.247.224",
              "20.242.152.120",
              "20.242.152.148",
              "20.242.152.230",
              "20.81.5.114",
              "20.81.7.214",
              "20.81.7.218",
              "20.88.168.138",
              "20.88.168.214",
              "20.88.168.242",
              "20.242.152.251",
              "20.242.153.109",
              "20.242.156.95",
              "20.242.158.150",
              "20.242.158.159",
              "20.242.158.189",
              "20.119.0.36"
            ],
            "possible_outbound_ip_addresses": "20.85.187.158,20.242.157.55,20.242.157.67,20.242.157.71,20.242.157.83,20.242.157.231,20.81.5.114,20.81.7.214,20.81.7.218,20.88.168.138,20.88.168.214,20.88.168.242,20.242.157.239,20.242.157.250,20.242.158.2,20.242.158.38,20.242.158.89,20.242.158.93,20.242.158.147,20.85.187.164,20.231.243.112,20.231.243.145,20.231.243.187,20.231.243.205,20.231.245.178,20.231.245.228,20.231.247.224,20.242.152.120,20.242.152.148,20.242.152.230,20.81.5.114,20.81.7.214,20.81.7.218,20.88.168.138,20.88.168.214,20.88.168.242,20.242.152.251,20.242.153.109,20.242.156.95,20.242.158.150,20.242.158.159,20.242.158.189,20.119.0.36",
            "public_network_access_enabled": true,
            "resource_group_name": "TeraMaraton",
            "service_plan_id": "/subscriptions/4f13db90-7175-430a-92c4-956419feab2e/resourceGroups/TeraMaraton/providers/Microsoft.Web/serverFarms/zidar_service_plan",
            "site_config": [
              {
                "always_on": true,
                "api_definition_url": "",
                "api_management_api_id": "",
                "app_command_line": "",
                "application_stack": [
                  {
                    "current_stack": "dotnet",
                    "docker_container_name": "",
                    "docker_container_registry": "",
                    "docker_container_tag": "",
                    "docker_image_name": "",
                    "docker_registry_password": "",
                    "docker_registry_url": "",
                    "docker_registry_username": "",
                    "dotnet_core_version": "",
                    "dotnet_version": "v7.0",
                    "java_container": "",
                    "java_container_version": "",
                    "java_embedded_server_enabled": false,
                    "java_version": "",
                    "node_version": "",
                    "php_version": "5.6",
                    "python": false,
                    "python_version": "",
                    "tomcat_version": ""
                  }
                ],
                "auto_heal_enabled": false,
                "auto_heal_setting": [],
                "container_registry_managed_identity_client_id": "",
                "container_registry_use_managed_identity": false,
                "cors": [],
                "default_documents": [
                  "Default.htm",
                  "Default.html",
                  "Default.asp",
                  "index.htm",
                  "index.html",
                  "iisstart.htm",
                  "default.aspx",
                  "index.php",
                  "hostingstart.html"
                ],
                "detailed_error_logging_enabled": false,
                "ftps_state": "Disabled",
                "health_check_eviction_time_in_min": 0,
                "health_check_path": "",
                "http2_enabled": false,
                "ip_restriction": [],
                "linux_fx_version": "",
                "load_balancing_mode": "LeastRequests",
                "local_mysql_enabled": false,
                "managed_pipeline_mode": "Integrated",
                "minimum_tls_version": "1.2",
                "remote_debugging_enabled": false,
                "remote_debugging_version": "VS2019",
                "scm_ip_restriction": [],
                "scm_minimum_tls_version": "1.2",
                "scm_type": "None",
                "scm_use_main_ip_restriction": false,
                "use_32_bit_worker": true,
                "virtual_application": [],
                "vnet_route_all_enabled": false,
                "websockets_enabled": false,
                "windows_fx_version": "",
                "worker_count": 1
              }
            ],
            "site_credential": [
              {
                "name": "$marathon-apizid",
                "password": "AQLwAvzU_wmLT6M3XlaRZcKuA9FPsgE.IiwYo1t0SnOPMEe0OAJp7-b5fC5WScA5alatd43dWrI"
              }
            ],
            "sticky_settings": [],
            "storage_account": [],
            "tags": {},
            "timeouts": null,
            "virtual_network_subnet_id": "",
            "webdeploy_publish_basic_authentication_enabled": true,
            "zip_deploy_file": ""
          },
          "sensitive_attributes": [],
          "private": "eyJlMmJmYjczMC1lY2FhLTExZTYtOGY4OC0zNDM2M2JjN2M0YzAiOnsiY3JlYXRlIjoxODAwMDAwMDAwMDAwLCJkZWxldGUiOjE4MDAwMDAwMDAwMDAsInJlYWQiOjMwMDAwMDAwMDAwMCwidXBkYXRlIjoxODAwMDAwMDAwMDAwfSwic2NoZW1hX3ZlcnNpb24iOiIxIn0=",
          "dependencies": [
            "azurerm_resource_group.marathon",
            "azurerm_service_plan.marathon_service_plan"
          ]
        }
      ]
    },
    {
      "mode": "managed",
      "type": "azurerm_windows_web_app",
      "name": "marathon_client",
      "provider": "provider[\"registry.terraform.io/hashicorp/azurerm\"]",
      "instances": [
        {
          "schema_version": 1,
          "attributes": {
            "app_settings": {
              "DATABASE_CONNECTION_STRING": "Server=tcp:sql-serverzid.database.windows.net,1433;Initial Catalog=mssql-dbzid;Persist Security Info=False;User ID=Bojan;Password=PreteshkoePomosh1@!;MultipleActiveResultSets=True;Encrypt=True",
              "REDIS_CONNECTION_STRING": "redis://redis-cachezid.redis.cache.windows.net.redis.cache.windows.net:6380?ssl=true\u0026sslverify=false"
            },
            "auth_settings": [],
            "auth_settings_v2": [],
            "backup": [],
            "client_affinity_enabled": false,
            "client_certificate_enabled": false,
            "client_certificate_exclusion_paths": "",
            "client_certificate_mode": "Required",
            "connection_string": [],
            "custom_domain_verification_id": "2CFAD82C1643EAC0DDF75FEA3E7661EB2D2A80F527187A0FC4B888D760AEE4FA",
            "default_hostname": "marathon-clientzid.azurewebsites.net",
            "enabled": true,
            "ftp_publish_basic_authentication_enabled": true,
            "hosting_environment_id": "",
            "https_only": false,
            "id": "/subscriptions/4f13db90-7175-430a-92c4-956419feab2e/resourceGroups/TeraMaraton/providers/Microsoft.Web/sites/marathon-clientzid",
            "identity": [],
            "key_vault_reference_identity_id": "SystemAssigned",
            "kind": "app",
            "location": "eastus",
            "logs": [],
            "name": "marathon-clientzid",
            "outbound_ip_address_list": [
              "20.242.157.239",
              "20.242.157.250",
              "20.242.158.2",
              "20.242.158.38",
              "20.242.158.89",
              "20.242.158.93",
              "20.119.0.36"
            ],
            "outbound_ip_addresses": "20.242.157.239,20.242.157.250,20.242.158.2,20.242.158.38,20.242.158.89,20.242.158.93,20.119.0.36",
            "possible_outbound_ip_address_list": [
              "20.85.187.158",
              "20.242.157.55",
              "20.242.157.67",
              "20.242.157.71",
              "20.242.157.83",
              "20.242.157.231",
              "20.81.5.114",
              "20.81.7.214",
              "20.81.7.218",
              "20.88.168.138",
              "20.88.168.214",
              "20.88.168.242",
              "20.242.157.239",
              "20.242.157.250",
              "20.242.158.2",
              "20.242.158.38",
              "20.242.158.89",
              "20.242.158.93",
              "20.242.158.147",
              "20.85.187.164",
              "20.231.243.112",
              "20.231.243.145",
              "20.231.243.187",
              "20.231.243.205",
              "20.231.245.178",
              "20.231.245.228",
              "20.231.247.224",
              "20.242.152.120",
              "20.242.152.148",
              "20.242.152.230",
              "20.81.5.114",
              "20.81.7.214",
              "20.81.7.218",
              "20.88.168.138",
              "20.88.168.214",
              "20.88.168.242",
              "20.242.152.251",
              "20.242.153.109",
              "20.242.156.95",
              "20.242.158.150",
              "20.242.158.159",
              "20.242.158.189",
              "20.119.0.36"
            ],
            "possible_outbound_ip_addresses": "20.85.187.158,20.242.157.55,20.242.157.67,20.242.157.71,20.242.157.83,20.242.157.231,20.81.5.114,20.81.7.214,20.81.7.218,20.88.168.138,20.88.168.214,20.88.168.242,20.242.157.239,20.242.157.250,20.242.158.2,20.242.158.38,20.242.158.89,20.242.158.93,20.242.158.147,20.85.187.164,20.231.243.112,20.231.243.145,20.231.243.187,20.231.243.205,20.231.245.178,20.231.245.228,20.231.247.224,20.242.152.120,20.242.152.148,20.242.152.230,20.81.5.114,20.81.7.214,20.81.7.218,20.88.168.138,20.88.168.214,20.88.168.242,20.242.152.251,20.242.153.109,20.242.156.95,20.242.158.150,20.242.158.159,20.242.158.189,20.119.0.36",
            "public_network_access_enabled": true,
            "resource_group_name": "TeraMaraton",
            "service_plan_id": "/subscriptions/4f13db90-7175-430a-92c4-956419feab2e/resourceGroups/TeraMaraton/providers/Microsoft.Web/serverFarms/zidar_service_plan",
            "site_config": [
              {
                "always_on": true,
                "api_definition_url": "",
                "api_management_api_id": "",
                "app_command_line": "",
                "application_stack": [
                  {
                    "current_stack": "node",
                    "docker_container_name": "",
                    "docker_container_registry": "",
                    "docker_container_tag": "",
                    "docker_image_name": "",
                    "docker_registry_password": "",
                    "docker_registry_url": "",
                    "docker_registry_username": "",
                    "dotnet_core_version": "",
                    "dotnet_version": "v4.0",
                    "java_container": "",
                    "java_container_version": "",
                    "java_embedded_server_enabled": false,
                    "java_version": "",
                    "node_version": "~18",
                    "php_version": "5.6",
                    "python": false,
                    "python_version": "",
                    "tomcat_version": ""
                  }
                ],
                "auto_heal_enabled": false,
                "auto_heal_setting": [],
                "container_registry_managed_identity_client_id": "",
                "container_registry_use_managed_identity": false,
                "cors": [],
                "default_documents": [
                  "Default.htm",
                  "Default.html",
                  "Default.asp",
                  "index.htm",
                  "index.html",
                  "iisstart.htm",
                  "default.aspx",
                  "index.php",
                  "hostingstart.html"
                ],
                "detailed_error_logging_enabled": false,
                "ftps_state": "Disabled",
                "health_check_eviction_time_in_min": 0,
                "health_check_path": "",
                "http2_enabled": false,
                "ip_restriction": [],
                "linux_fx_version": "",
                "load_balancing_mode": "LeastRequests",
                "local_mysql_enabled": false,
                "managed_pipeline_mode": "Integrated",
                "minimum_tls_version": "1.2",
                "remote_debugging_enabled": false,
                "remote_debugging_version": "VS2019",
                "scm_ip_restriction": [],
                "scm_minimum_tls_version": "1.2",
                "scm_type": "None",
                "scm_use_main_ip_restriction": false,
                "use_32_bit_worker": true,
                "virtual_application": [],
                "vnet_route_all_enabled": false,
                "websockets_enabled": false,
                "windows_fx_version": "",
                "worker_count": 1
              }
            ],
            "site_credential": [
              {
                "name": "$marathon-clientzid",
                "password": "AQLwAvzU_wmLT6M3XlaRZcKuA9FPsgE.bSf-dgynLQuITU78N7YYHIAlhK2GmEkY0Hy5fi_Sbkc"
              }
            ],
            "sticky_settings": [],
            "storage_account": [],
            "tags": {},
            "timeouts": null,
            "virtual_network_subnet_id": "",
            "webdeploy_publish_basic_authentication_enabled": true,
            "zip_deploy_file": ""
          },
          "sensitive_attributes": [
            [
              {
                "type": "get_attr",
                "value": "app_settings"
              },
              {
                "type": "index",
                "value": {
                  "value": "DATABASE_CONNECTION_STRING",
                  "type": "string"
                }
              }
            ]
          ],
          "private": "eyJlMmJmYjczMC1lY2FhLTExZTYtOGY4OC0zNDM2M2JjN2M0YzAiOnsiY3JlYXRlIjoxODAwMDAwMDAwMDAwLCJkZWxldGUiOjE4MDAwMDAwMDAwMDAsInJlYWQiOjMwMDAwMDAwMDAwMCwidXBkYXRlIjoxODAwMDAwMDAwMDAwfSwic2NoZW1hX3ZlcnNpb24iOiIxIn0=",
          "dependencies": [
            "azurerm_mssql_database.mssql_database",
            "azurerm_mssql_server.mssql_server",
            "azurerm_redis_cache.redis",
            "azurerm_resource_group.marathon",
            "azurerm_service_plan.marathon_service_plan"
          ]
        }
      ]
    }
  ],
  "check_results": null
}
